// !$*UTF8*$!
{
	archiveVersion = 1;
	classes = {
	};
	objectVersion = 56;
	objects = {

/* Begin PBXBuildFile section */
		AA0000000000000000002001 /* InkPDFApp.swift in Sources */ = {isa = PBXBuildFile; fileRef = AA0000000000000000001001 /* InkPDFApp.swift */; };
		AA0000000000000000002002 /* AppModel.swift in Sources */ = {isa = PBXBuildFile; fileRef = AA0000000000000000001002 /* AppModel.swift */; };
		AA0000000000000000002003 /* NotebookFactory.swift in Sources */ = {isa = PBXBuildFile; fileRef = AA0000000000000000001003 /* NotebookFactory.swift */; };
		AA0000000000000000002004 /* LibraryView.swift in Sources */ = {isa = PBXBuildFile; fileRef = AA0000000000000000001004 /* LibraryView.swift */; };
		AA0000000000000000002005 /* ReaderView.swift in Sources */ = {isa = PBXBuildFile; fileRef = AA0000000000000000001005 /* ReaderView.swift */; };
		AA0000000000000000002006 /* PDFReaderViewController.swift in Sources */ = {isa = PBXBuildFile; fileRef = AA0000000000000000001006 /* PDFReaderViewController.swift */; };
		AA0000000000000000002007 /* CanvasOverlayCoordinator.swift in Sources */ = {isa = PBXBuildFile; fileRef = AA0000000000000000001007 /* CanvasOverlayCoordinator.swift */; };
		AA0000000000000000002008 /* DrawingArchive.swift in Sources */ = {isa = PBXBuildFile; fileRef = AA0000000000000000001008 /* DrawingArchive.swift */; };
		AA0000000000000000002009 /* InkConversion.swift in Sources */ = {isa = PBXBuildFile; fileRef = AA0000000000000000001009 /* InkConversion.swift */; };
		AA000000000000000000200A /* ImageStampAnnotation.swift in Sources */ = {isa = PBXBuildFile; fileRef = AA000000000000000000100A /* ImageStampAnnotation.swift */; };
		AA000000000000000000200B /* TextAnnotationEditor.swift in Sources */ = {isa = PBXBuildFile; fileRef = AA000000000000000000100B /* TextAnnotationEditor.swift */; };
		AA000000000000000000200C /* RecentDocumentsStore.swift in Sources */ = {isa = PBXBuildFile; fileRef = AA000000000000000000100C /* RecentDocumentsStore.swift */; };
		AA000000000000000000200D /* Assets.xcassets in Resources */ = {isa = PBXBuildFile; fileRef = AA000000000000000000100D /* Assets.xcassets */; };
		AA0000000000000000002010 /* InkPDFWidgetBundle.swift in Sources */ = {isa = PBXBuildFile; fileRef = AA0000000000000000001010 /* InkPDFWidgetBundle.swift */; };
		AA0000000000000000002011 /* RecentDocumentsWidget.swift in Sources */ = {isa = PBXBuildFile; fileRef = AA0000000000000000001011 /* RecentDocumentsWidget.swift */; };
		AA0000000000000000002012 /* RecentDocumentsStore.swift in Sources */ = {isa = PBXBuildFile; fileRef = AA000000000000000000100C /* RecentDocumentsStore.swift */; };
		AA0000000000000000002020 /* InkPDFWidgetsExtension.appex in Embed Foundation Extensions */ = {isa = PBXBuildFile; fileRef = AA000000000000000000D002 /* InkPDFWidgetsExtension.appex */; settings = {ATTRIBUTES = (RemoveHeadersOnCopy, ); }; };
/* End PBXBuildFile section */

/* Begin PBXContainerItemProxy section */
		AA000000000000000000A003 /* PBXContainerItemProxy */ = {
			isa = PBXContainerItemProxy;
			containerPortal = AA000000000000000000A001 /* Project object */;
			proxyType = 1;
			remoteGlobalIDString = AA000000000000000000C002;
			remoteInfo = InkPDFWidgetsExtension;
		};
/* End PBXContainerItemProxy section */

/* Begin PBXCopyFilesBuildPhase section */
		AA000000000000000000F004 /* Embed Foundation Extensions */ = {
			isa = PBXCopyFilesBuildPhase;
			buildActionMask = 2147483647;
			dstPath = "";
			dstSubfolderSpec = 13;
			files = (
				AA0000000000000000002020 /* InkPDFWidgetsExtension.appex in Embed Foundation Extensions */,
			);
			name = "Embed Foundation Extensions";
			runOnlyForDeploymentPostprocessing = 0;
		};
/* End PBXCopyFilesBuildPhase section */

/* Begin PBXFileReference section */
		AA0000000000000000001001 /* InkPDFApp.swift */ = {isa = PBXFileReference; lastKnownFileType = sourcecode.swift; path = InkPDFApp.swift; sourceTree = "<group>"; };
		AA0000000000000000001002 /* AppModel.swift */ = {isa = PBXFileReference; lastKnownFileType = sourcecode.swift; path = AppModel.swift; sourceTree = "<group>"; };
		AA0000000000000000001003 /* NotebookFactory.swift */ = {isa = PBXFileReference; lastKnownFileType = sourcecode.swift; path = NotebookFactory.swift; sourceTree = "<group>"; };
		AA0000000000000000001004 /* LibraryView.swift */ = {isa = PBXFileReference; lastKnownFileType = sourcecode.swift; path = LibraryView.swift; sourceTree = "<group>"; };
		AA0000000000000000001005 /* ReaderView.swift */ = {isa = PBXFileReference; lastKnownFileType = sourcecode.swift; path = ReaderView.swift; sourceTree = "<group>"; };
		AA0000000000000000001006 /* PDFReaderViewController.swift */ = {isa = PBXFileReference; lastKnownFileType = sourcecode.swift; path = PDFReaderViewController.swift; sourceTree = "<group>"; };
		AA0000000000000000001007 /* CanvasOverlayCoordinator.swift */ = {isa = PBXFileReference; lastKnownFileType = sourcecode.swift; path = CanvasOverlayCoordinator.swift; sourceTree = "<group>"; };
		AA0000000000000000001008 /* DrawingArchive.swift */ = {isa = PBXFileReference; lastKnownFileType = sourcecode.swift; path = DrawingArchive.swift; sourceTree = "<group>"; };
		AA0000000000000000001009 /* InkConversion.swift */ = {isa = PBXFileReference; lastKnownFileType = sourcecode.swift; path = InkConversion.swift; sourceTree = "<group>"; };
		AA000000000000000000100A /* ImageStampAnnotation.swift */ = {isa = PBXFileReference; lastKnownFileType = sourcecode.swift; path = ImageStampAnnotation.swift; sourceTree = "<group>"; };
		AA000000000000000000100B /* TextAnnotationEditor.swift */ = {isa = PBXFileReference; lastKnownFileType = sourcecode.swift; path = TextAnnotationEditor.swift; sourceTree = "<group>"; };
		AA000000000000000000100C /* RecentDocumentsStore.swift */ = {isa = PBXFileReference; lastKnownFileType = sourcecode.swift; path = RecentDocumentsStore.swift; sourceTree = "<group>"; };
		AA000000000000000000100D /* Assets.xcassets */ = {isa = PBXFileReference; lastKnownFileType = folder.assetcatalog; path = Assets.xcassets; sourceTree = "<group>"; };
		AA000000000000000000100E /* Info.plist */ = {isa = PBXFileReference; lastKnownFileType = text.plist.xml; path = Info.plist; sourceTree = "<group>"; };
		AA000000000000000000100F /* InkPDF.entitlements */ = {isa = PBXFileReference; lastKnownFileType = text.plist.entitlements; path = InkPDF.entitlements; sourceTree = "<group>"; };
		AA0000000000000000001010 /* InkPDFWidgetBundle.swift */ = {isa = PBXFileReference; lastKnownFileType = sourcecode.swift; path = InkPDFWidgetBundle.swift; sourceTree = "<group>"; };
		AA0000000000000000001011 /* RecentDocumentsWidget.swift */ = {isa = PBXFileReference; lastKnownFileType = sourcecode.swift; path = RecentDocumentsWidget.swift; sourceTree = "<group>"; };
		AA0000000000000000001012 /* Info.plist */ = {isa = PBXFileReference; lastKnownFileType = text.plist.xml; path = Info.plist; sourceTree = "<group>"; };
		AA0000000000000000001013 /* InkPDFWidgets.entitlements */ = {isa = PBXFileReference; lastKnownFileType = text.plist.entitlements; path = InkPDFWidgets.entitlements; sourceTree = "<group>"; };
		AA000000000000000000D001 /* InkPDF.app */ = {isa = PBXFileReference; explicitFileType = wrapper.application; includeInIndex = 0; path = InkPDF.app; sourceTree = BUILT_PRODUCTS_DIR; };
		AA000000000000000000D002 /* InkPDFWidgetsExtension.appex */ = {isa = PBXFileReference; explicitFileType = "wrapper.app-extension"; includeInIndex = 0; path = InkPDFWidgetsExtension.appex; sourceTree = BUILT_PRODUCTS_DIR; };
/* End PBXFileReference section */

/* Begin PBXFrameworksBuildPhase section */
		AA000000000000000000F002 /* Frameworks */ = {
			isa = PBXFrameworksBuildPhase;
			buildActionMask = 2147483647;
			files = (
			);
			runOnlyForDeploymentPostprocessing = 0;
		};
		AA000000000000000000F006 /* Frameworks */ = {
			isa = PBXFrameworksBuildPhase;
			buildActionMask = 2147483647;
			files = (
			);
			runOnlyForDeploymentPostprocessing = 0;
		};
/* End PBXFrameworksBuildPhase section */

/* Begin PBXGroup section */
		AA000000000000000000B001 = {
			isa = PBXGroup;
			children = (
				AA000000000000000000B003 /* App */,
				AA000000000000000000B004 /* Widgets */,
				AA000000000000000000B005 /* Shared */,
				AA000000000000000000B002 /* Products */,
			);
			sourceTree = "<group>";
		};
		AA000000000000000000B002 /* Products */ = {
			isa = PBXGroup;
			children = (
				AA000000000000000000D001 /* InkPDF.app */,
				AA000000000000000000D002 /* InkPDFWidgetsExtension.appex */,
			);
			name = Products;
			sourceTree = "<group>";
		};
		AA000000000000000000B003 /* App */ = {
			isa = PBXGroup;
			children = (
				AA0000000000000000001001 /* InkPDFApp.swift */,
				AA0000000000000000001002 /* AppModel.swift */,
				AA0000000000000000001004 /* LibraryView.swift */,
				AA0000000000000000001003 /* NotebookFactory.swift */,
				AA0000000000000000001005 /* ReaderView.swift */,
				AA0000000000000000001006 /* PDFReaderViewController.swift */,
				AA0000000000000000001007 /* CanvasOverlayCoordinator.swift */,
				AA0000000000000000001008 /* DrawingArchive.swift */,
				AA0000000000000000001009 /* InkConversion.swift */,
				AA000000000000000000100A /* ImageStampAnnotation.swift */,
				AA000000000000000000100B /* TextAnnotationEditor.swift */,
				AA000000000000000000100D /* Assets.xcassets */,
				AA000000000000000000100E /* Info.plist */,
				AA000000000000000000100F /* InkPDF.entitlements */,
			);
			path = App;
			sourceTree = "<group>";
		};
		AA000000000000000000B004 /* Widgets */ = {
			isa = PBXGroup;
			children = (
				AA0000000000000000001010 /* InkPDFWidgetBundle.swift */,
				AA0000000000000000001011 /* RecentDocumentsWidget.swift */,
				AA0000000000000000001012 /* Info.plist */,
				AA0000000000000000001013 /* InkPDFWidgets.entitlements */,
			);
			path = Widgets;
			sourceTree = "<group>";
		};
		AA000000000000000000B005 /* Shared */ = {
			isa = PBXGroup;
			children = (
				AA000000000000000000100C /* RecentDocumentsStore.swift */,
			);
			path = Shared;
			sourceTree = "<group>";
		};
/* End PBXGroup section */

/* Begin PBXNativeTarget section */
		AA000000000000000000C001 /* InkPDF */ = {
			isa = PBXNativeTarget;
			buildConfigurationList = AA000000000000000000E004 /* Build configuration list for PBXNativeTarget "InkPDF" */;
			buildPhases = (
				AA000000000000000000F001 /* Sources */,
				AA000000000000000000F002 /* Frameworks */,
				AA000000000000000000F003 /* Resources */,
				AA000000000000000000F004 /* Embed Foundation Extensions */,
			);
			buildRules = (
			);
			dependencies = (
				AA000000000000000000A002 /* PBXTargetDependency */,
			);
			name = InkPDF;
			productName = InkPDF;
			productReference = AA000000000000000000D001 /* InkPDF.app */;
			productType = "com.apple.product-type.application";
		};
		AA000000000000000000C002 /* InkPDFWidgetsExtension */ = {
			isa = PBXNativeTarget;
			buildConfigurationList = AA000000000000000000E007 /* Build configuration list for PBXNativeTarget "InkPDFWidgetsExtension" */;
			buildPhases = (
				AA000000000000000000F005 /* Sources */,
				AA000000000000000000F006 /* Frameworks */,
				AA000000000000000000F007 /* Resources */,
			);
			buildRules = (
			);
			dependencies = (
			);
			name = InkPDFWidgetsExtension;
			productName = InkPDFWidgetsExtension;
			productReference = AA000000000000000000D002 /* InkPDFWidgetsExtension.appex */;
			productType = "com.apple.product-type.app-extension";
		};
/* End PBXNativeTarget section */

/* Begin PBXProject section */
		AA000000000000000000A001 /* Project object */ = {
			isa = PBXProject;
			attributes = {
				BuildIndependentTargetsInParallel = 1;
				LastSwiftUpdateCheck = 1520;
				LastUpgradeCheck = 1520;
				TargetAttributes = {
					AA000000000000000000C001 = {
						CreatedOnToolsVersion = 15.2;
					};
					AA000000000000000000C002 = {
						CreatedOnToolsVersion = 15.2;
					};
				};
			};
			buildConfigurationList = AA000000000000000000E001 /* Build configuration list for PBXProject "InkPDF" */;
			compatibilityVersion = "Xcode 14.0";
			developmentRegion = en;
			hasScannedForEncodings = 0;
			knownRegions = (
				en,
				Base,
			);
			mainGroup = AA000000000000000000B001;
			productRefGroup = AA000000000000000000B002 /* Products */;
			projectDirPath = "";
			projectRoot = "";
			targets = (
				AA000000000000000000C001 /* InkPDF */,
				AA000000000000000000C002 /* InkPDFWidgetsExtension */,
			);
		};
/* End PBXProject section */

/* Begin PBXResourcesBuildPhase section */
		AA000000000000000000F003 /* Resources */ = {
			isa = PBXResourcesBuildPhase;
			buildActionMask = 2147483647;
			files = (
				AA000000000000000000200D /* Assets.xcassets in Resources */,
			);
			runOnlyForDeploymentPostprocessing = 0;
		};
		AA000000000000000000F007 /* Resources */ = {
			isa = PBXResourcesBuildPhase;
			buildActionMask = 2147483647;
			files = (
			);
			runOnlyForDeploymentPostprocessing = 0;
		};
/* End PBXResourcesBuildPhase section */

/* Begin PBXSourcesBuildPhase section */
		AA000000000000000000F001 /* Sources */ = {
			isa = PBXSourcesBuildPhase;
			buildActionMask = 2147483647;
			files = (
				AA0000000000000000002001 /* InkPDFApp.swift in Sources */,
				AA0000000000000000002002 /* AppModel.swift in Sources */,
				AA0000000000000000002003 /* NotebookFactory.swift in Sources */,
				AA0000000000000000002004 /* LibraryView.swift in Sources */,
				AA0000000000000000002005 /* ReaderView.swift in Sources */,
				AA0000000000000000002006 /* PDFReaderViewController.swift in Sources */,
				AA0000000000000000002007 /* CanvasOverlayCoordinator.swift in Sources */,
				AA0000000000000000002008 /* DrawingArchive.swift in Sources */,
				AA0000000000000000002009 /* InkConversion.swift in Sources */,
				AA000000000000000000200A /* ImageStampAnnotation.swift in Sources */,
				AA000000000000000000200B /* TextAnnotationEditor.swift in Sources */,
				AA000000000000000000200C /* RecentDocumentsStore.swift in Sources */,
			);
			runOnlyForDeploymentPostprocessing = 0;
		};
		AA000000000000000000F005 /* Sources */ = {
			isa = PBXSourcesBuildPhase;
			buildActionMask = 2147483647;
			files = (
				AA0000000000000000002010 /* InkPDFWidgetBundle.swift in Sources */,
				AA0000000000000000002011 /* RecentDocumentsWidget.swift in Sources */,
				AA0000000000000000002012 /* RecentDocumentsStore.swift in Sources */,
			);
			runOnlyForDeploymentPostprocessing = 0;
		};
/* End PBXSourcesBuildPhase section */

/* Begin PBXTargetDependency section */
		AA000000000000000000A002 /* PBXTargetDependency */ = {
			isa = PBXTargetDependency;
			target = AA000000000000000000C002 /* InkPDFWidgetsExtension */;
			targetProxy = AA000000000000000000A003 /* PBXContainerItemProxy */;
		};
/* End PBXTargetDependency section */

/* Begin XCBuildConfiguration section */
		AA000000000000000000E002 /* Debug */ = {
			isa = XCBuildConfiguration;
			buildSettings = {
				ALWAYS_SEARCH_USER_PATHS = NO;
				ASSETCATALOG_COMPILER_GENERATE_SWIFT_ASSET_SYMBOL_EXTENSIONS = YES;
				CLANG_ANALYZER_NONNULL = YES;
				CLANG_ANALYZER_NUMBER_OBJECT_CONVERSION = YES_AGGRESSIVE;
				CLANG_CXX_LANGUAGE_STANDARD = "gnu++20";
				CLANG_ENABLE_MODULES = YES;
				CLANG_ENABLE_OBJC_ARC = YES;
				CLANG_ENABLE_OBJC_WEAK = YES;
				CLANG_WARN_BLOCK_CAPTURE_AUTORELEASING = YES;
				CLANG_WARN_BOOL_CONVERSION = YES;
				CLANG_WARN_COMMA = YES;
				CLANG_WARN_CONSTANT_CONVERSION = YES;
				CLANG_WARN_DEPRECATED_OBJC_IMPLEMENTATIONS = YES;
				CLANG_WARN_DIRECT_OBJC_ISA_USAGE = YES_ERROR;
				CLANG_WARN_DOCUMENTATION_COMMENTS = YES;
				CLANG_WARN_EMPTY_BODY = YES;
				CLANG_WARN_ENUM_CONVERSION = YES;
				CLANG_WARN_INFINITE_RECURSION = YES;
				CLANG_WARN_INT_CONVERSION = YES;
				CLANG_WARN_NON_LITERAL_NULL_CONVERSION = YES;
				CLANG_WARN_OBJC_IMPLICIT_RETAIN_SELF = YES;
				CLANG_WARN_OBJC_LITERAL_CONVERSION = YES;
				CLANG_WARN_OBJC_ROOT_CLASS = YES_ERROR;
				CLANG_WARN_QUOTED_INCLUDE_IN_FRAMEWORK_HEADER = YES;
				CLANG_WARN_RANGE_LOOP_ANALYSIS = YES;
				CLANG_WARN_STRICT_PROTOTYPES = YES;
				CLANG_WARN_SUSPICIOUS_MOVE = YES;
				CLANG_WARN_UNGUARDED_AVAILABILITY = YES_AGGRESSIVE;
				CLANG_WARN_UNREACHABLE_CODE = YES;
				CLANG_WARN__DUPLICATE_METHOD_MATCH = YES;
				COPY_PHASE_STRIP = NO;
				DEBUG_INFORMATION_FORMAT = dwarf;
				ENABLE_STRICT_OBJC_MSGSEND = YES;
				ENABLE_TESTABILITY = YES;
				ENABLE_USER_SCRIPT_SANDBOXING = YES;
				GCC_C_LANGUAGE_STANDARD = gnu17;
				GCC_DYNAMIC_NO_PIC = NO;
				GCC_NO_COMMON_BLOCKS = YES;
				GCC_OPTIMIZATION_LEVEL = 0;
				GCC_PREPROCESSOR_DEFINITIONS = (
					"DEBUG=1",
					"$(inherited)",
				);
				GCC_WARN_64_TO_32_BIT_CONVERSION = YES;
				GCC_WARN_ABOUT_RETURN_TYPE = YES_ERROR;
				GCC_WARN_UNDECLARED_SELECTOR = YES;
				GCC_WARN_UNINITIALIZED_AUTOS = YES_AGGRESSIVE;
				GCC_WARN_UNUSED_FUNCTION = YES;
				GCC_WARN_UNUSED_VARIABLE = YES;
				IPHONEOS_DEPLOYMENT_TARGET = 17.0;
				LOCALIZATION_PREFERS_STRING_CATALOGS = YES;
				MTL_ENABLE_DEBUG_INFO = INCLUDE_SOURCE;
				MTL_FAST_MATH = YES;
				ONLY_ACTIVE_ARCH = YES;
				SDKROOT = iphoneos;
				SWIFT_ACTIVE_COMPILATION_CONDITIONS = "DEBUG $(inherited)";
				SWIFT_OPTIMIZATION_LEVEL = "-Onone";
			};
			name = Debug;
		};
		AA000000000000000000E003 /* Release */ = {
			isa = XCBuildConfiguration;
			buildSettings = {
				ALWAYS_SEARCH_USER_PATHS = NO;
				ASSETCATALOG_COMPILER_GENERATE_SWIFT_ASSET_SYMBOL_EXTENSIONS = YES;
				CLANG_ANALYZER_NONNULL = YES;
				CLANG_ANALYZER_NUMBER_OBJECT_CONVERSION = YES_AGGRESSIVE;
				CLANG_CXX_LANGUAGE_STANDARD = "gnu++20";
				CLANG_ENABLE_MODULES = YES;
				CLANG_ENABLE_OBJC_ARC = YES;
				CLANG_ENABLE_OBJC_WEAK = YES;
				CLANG_WARN_BLOCK_CAPTURE_AUTORELEASING = YES;
				CLANG_WARN_BOOL_CONVERSION = YES;
				CLANG_WARN_COMMA = YES;
				CLANG_WARN_CONSTANT_CONVERSION = YES;
				CLANG_WARN_DEPRECATED_OBJC_IMPLEMENTATIONS = YES;
				CLANG_WARN_DIRECT_OBJC_ISA_USAGE = YES_ERROR;
				CLANG_WARN_DOCUMENTATION_COMMENTS = YES;
				CLANG_WARN_EMPTY_BODY = YES;
				CLANG_WARN_ENUM_CONVERSION = YES;
				CLANG_WARN_INFINITE_RECURSION = YES;
				CLANG_WARN_INT_CONVERSION = YES;
				CLANG_WARN_NON_LITERAL_NULL_CONVERSION = YES;
				CLANG_WARN_OBJC_IMPLICIT_RETAIN_SELF = YES;
				CLANG_WARN_OBJC_LITERAL_CONVERSION = YES;
				CLANG_WARN_OBJC_ROOT_CLASS = YES_ERROR;
				CLANG_WARN_QUOTED_INCLUDE_IN_FRAMEWORK_HEADER = YES;
				CLANG_WARN_RANGE_LOOP_ANALYSIS = YES;
				CLANG_WARN_STRICT_PROTOTYPES = YES;
				CLANG_WARN_SUSPICIOUS_MOVE = YES;
				CLANG_WARN_UNGUARDED_AVAILABILITY = YES_AGGRESSIVE;
				CLANG_WARN_UNREACHABLE_CODE = YES;
				CLANG_WARN__DUPLICATE_METHOD_MATCH = YES;
				COPY_PHASE_STRIP = NO;
				DEBUG_INFORMATION_FORMAT = "dwarf-with-dsym";
				ENABLE_NS_ASSERTIONS = NO;
				ENABLE_STRICT_OBJC_MSGSEND = YES;
				ENABLE_USER_SCRIPT_SANDBOXING = YES;
				GCC_C_LANGUAGE_STANDARD = gnu17;
				GCC_NO_COMMON_BLOCKS = YES;
				GCC_WARN_64_TO_32_BIT_CONVERSION = YES;
				GCC_WARN_ABOUT_RETURN_TYPE = YES_ERROR;
				GCC_WARN_UNDECLARED_SELECTOR = YES;
				GCC_WARN_UNINITIALIZED_AUTOS = YES_AGGRESSIVE;
				GCC_WARN_UNUSED_FUNCTION = YES;
				GCC_WARN_UNUSED_VARIABLE = YES;
				IPHONEOS_DEPLOYMENT_TARGET = 17.0;
				LOCALIZATION_PREFERS_STRING_CATALOGS = YES;
				MTL_ENABLE_DEBUG_INFO = NO;
				MTL_FAST_MATH = YES;
				SDKROOT = iphoneos;
				SWIFT_COMPILATION_MODE = wholemodule;
				SWIFT_OPTIMIZATION_LEVEL = "-O";
				VALIDATE_PRODUCT = YES;
			};
			name = Release;
		};
		AA000000000000000000E005 /* Debug */ = {
			isa = XCBuildConfiguration;
			buildSettings = {
				ASSETCATALOG_COMPILER_APPICON_NAME = AppIcon;
				ASSETCATALOG_COMPILER_GLOBAL_ACCENT_COLOR_NAME = AccentColor;
				CODE_SIGN_ENTITLEMENTS = App/InkPDF.entitlements;
				CODE_SIGN_STYLE = Automatic;
				CURRENT_PROJECT_VERSION = 1;
				ENABLE_PREVIEWS = YES;
				GENERATE_INFOPLIST_FILE = YES;
				INFOPLIST_FILE = App/Info.plist;
				INFOPLIST_KEY_CFBundleDisplayName = InkPDF;
				INFOPLIST_KEY_UIApplicationSceneManifest_Generation = YES;
				INFOPLIST_KEY_UIApplicationSupportsIndirectInputEvents = YES;
				INFOPLIST_KEY_UILaunchScreen_Generation = YES;
				INFOPLIST_KEY_UISupportedInterfaceOrientations_iPad = "UIInterfaceOrientationPortrait UIInterfaceOrientationPortraitUpsideDown UIInterfaceOrientationLandscapeLeft UIInterfaceOrientationLandscapeRight";
				INFOPLIST_KEY_UISupportedInterfaceOrientations_iPhone = "UIInterfaceOrientationPortrait UIInterfaceOrientationLandscapeLeft UIInterfaceOrientationLandscapeRight";
				IPHONEOS_DEPLOYMENT_TARGET = 17.0;
				LD_RUNPATH_SEARCH_PATHS = (
					"$(inherited)",
					"@executable_path/Frameworks",
				);
				MARKETING_VERSION = 1.0;
				PRODUCT_BUNDLE_IDENTIFIER = com.inkpdf.app;
				PRODUCT_NAME = "$(TARGET_NAME)";
				SWIFT_EMIT_LOC_STRINGS = YES;
				SWIFT_VERSION = 5.0;
				TARGETED_DEVICE_FAMILY = "1,2";
			};
			name = Debug;
		};
		AA000000000000000000E006 /* Release */ = {
			isa = XCBuildConfiguration;
			buildSettings = {
				ASSETCATALOG_COMPILER_APPICON_NAME = AppIcon;
				ASSETCATALOG_COMPILER_GLOBAL_ACCENT_COLOR_NAME = AccentColor;
				CODE_SIGN_ENTITLEMENTS = App/InkPDF.entitlements;
				CODE_SIGN_STYLE = Automatic;
				CURRENT_PROJECT_VERSION = 1;
				ENABLE_PREVIEWS = YES;
				GENERATE_INFOPLIST_FILE = YES;
				INFOPLIST_FILE = App/Info.plist;
				INFOPLIST_KEY_CFBundleDisplayName = InkPDF;
				INFOPLIST_KEY_UIApplicationSceneManifest_Generation = YES;
				INFOPLIST_KEY_UIApplicationSupportsIndirectInputEvents = YES;
				INFOPLIST_KEY_UILaunchScreen_Generation = YES;
				INFOPLIST_KEY_UISupportedInterfaceOrientations_iPad = "UIInterfaceOrientationPortrait UIInterfaceOrientationPortraitUpsideDown UIInterfaceOrientationLandscapeLeft UIInterfaceOrientationLandscapeRight";
				INFOPLIST_KEY_UISupportedInterfaceOrientations_iPhone = "UIInterfaceOrientationPortrait UIInterfaceOrientationLandscapeLeft UIInterfaceOrientationLandscapeRight";
				IPHONEOS_DEPLOYMENT_TARGET = 17.0;
				LD_RUNPATH_SEARCH_PATHS = (
					"$(inherited)",
					"@executable_path/Frameworks",
				);
				MARKETING_VERSION = 1.0;
				PRODUCT_BUNDLE_IDENTIFIER = com.inkpdf.app;
				PRODUCT_NAME = "$(TARGET_NAME)";
				SWIFT_EMIT_LOC_STRINGS = YES;
				SWIFT_VERSION = 5.0;
				TARGETED_DEVICE_FAMILY = "1,2";
			};
			name = Release;
		};
		AA000000000000000000E008 /* Debug */ = {
			isa = XCBuildConfiguration;
			buildSettings = {
				CODE_SIGN_ENTITLEMENTS = Widgets/InkPDFWidgets.entitlements;
				CODE_SIGN_STYLE = Automatic;
				CURRENT_PROJECT_VERSION = 1;
				GENERATE_INFOPLIST_FILE = YES;
				INFOPLIST_FILE = Widgets/Info.plist;
				INFOPLIST_KEY_CFBundleDisplayName = InkPDF;
				INFOPLIST_KEY_NSHumanReadableCopyright = "";
				IPHONEOS_DEPLOYMENT_TARGET = 17.0;
				LD_RUNPATH_SEARCH_PATHS = (
					"$(inherited)",
					"@executable_path/Frameworks",
					"@executable_path/../../Frameworks",
				);
				MARKETING_VERSION = 1.0;
				PRODUCT_BUNDLE_IDENTIFIER = com.inkpdf.app.widgets;
				PRODUCT_NAME = "$(TARGET_NAME)";
				SKIP_INSTALL = YES;
				SWIFT_EMIT_LOC_STRINGS = YES;
				SWIFT_VERSION = 5.0;
				TARGETED_DEVICE_FAMILY = "1,2";
			};
			name = Debug;
		};
		AA000000000000000000E009 /* Release */ = {
			isa = XCBuildConfiguration;
			buildSettings = {
				CODE_SIGN_ENTITLEMENTS = Widgets/InkPDFWidgets.entitlements;
				CODE_SIGN_STYLE = Automatic;
				CURRENT_PROJECT_VERSION = 1;
				GENERATE_INFOPLIST_FILE = YES;
				INFOPLIST_FILE = Widgets/Info.plist;
				INFOPLIST_KEY_CFBundleDisplayName = InkPDF;
				INFOPLIST_KEY_NSHumanReadableCopyright = "";
				IPHONEOS_DEPLOYMENT_TARGET = 17.0;
				LD_RUNPATH_SEARCH_PATHS = (
					"$(inherited)",
					"@executable_path/Frameworks",
					"@executable_path/../../Frameworks",
				);
				MARKETING_VERSION = 1.0;
				PRODUCT_BUNDLE_IDENTIFIER = com.inkpdf.app.widgets;
				PRODUCT_NAME = "$(TARGET_NAME)";
				SKIP_INSTALL = YES;
				SWIFT_EMIT_LOC_STRINGS = YES;
				SWIFT_VERSION = 5.0;
				TARGETED_DEVICE_FAMILY = "1,2";
			};
			name = Release;
		};
/* End XCBuildConfiguration section */

/* Begin XCConfigurationList section */
		AA000000000000000000E001 /* Build configuration list for PBXProject "InkPDF" */ = {
			isa = XCConfigurationList;
			buildConfigurations = (
				AA000000000000000000E002 /* Debug */,
				AA000000000000000000E003 /* Release */,
			);
			defaultConfigurationIsVisible = 0;
			defaultConfigurationName = Release;
		};
		AA000000000000000000E004 /* Build configuration list for PBXNativeTarget "InkPDF" */ = {
			isa = XCConfigurationList;
			buildConfigurations = (
				AA000000000000000000E005 /* Debug */,
				AA000000000000000000E006 /* Release */,
			);
			defaultConfigurationIsVisible = 0;
			defaultConfigurationName = Release;
		};
		AA000000000000000000E007 /* Build configuration list for PBXNativeTarget "InkPDFWidgetsExtension" */ = {
			isa = XCConfigurationList;
			buildConfigurations = (
				AA000000000000000000E008 /* Debug */,
				AA000000000000000000E009 /* Release */,
			);
			defaultConfigurationIsVisible = 0;
			defaultConfigurationName = Release;
		};
/* End XCConfigurationList section */
	};
	rootObject = AA000000000000000000A001 /* Project object */;
}
